// !$*UTF8*$!
{
	archiveVersion = 1;
	classes = {
	};
	objectVersion = 55;
	objects = {

/* Begin PBXBuildFile section */
		6933874C27B525140040193A /* AppDelegate.swift in Sources */ = {isa = PBXBuildFile; fileRef = 6933874B27B525140040193A /* AppDelegate.swift */; };
		6933874E27B525140040193A /* SceneDelegate.swift in Sources */ = {isa = PBXBuildFile; fileRef = 6933874D27B525140040193A /* SceneDelegate.swift */; };
		6933875327B525140040193A /* Main.storyboard in Resources */ = {isa = PBXBuildFile; fileRef = 6933875127B525140040193A /* Main.storyboard */; };
		6933875527B525140040193A /* Assets.xcassets in Resources */ = {isa = PBXBuildFile; fileRef = 6933875427B525140040193A /* Assets.xcassets */; };
		6933875827B525140040193A /* LaunchScreen.storyboard in Resources */ = {isa = PBXBuildFile; fileRef = 6933875627B525140040193A /* LaunchScreen.storyboard */; };
		6933876127B526B40040193A /* UserListTableViewController.swift in Sources */ = {isa = PBXBuildFile; fileRef = 6933876027B526B40040193A /* UserListTableViewController.swift */; };
		6933876427B528210040193A /* Webservice.swift in Sources */ = {isa = PBXBuildFile; fileRef = 6933876327B528210040193A /* Webservice.swift */; };
		6933876727B52A430040193A /* Users.swift in Sources */ = {isa = PBXBuildFile; fileRef = 6933876627B52A430040193A /* Users.swift */; };
		6933876A27B52F7E0040193A /* UserViewModel.swift in Sources */ = {isa = PBXBuildFile; fileRef = 6933876927B52F7E0040193A /* UserViewModel.swift */; };
		6933876D27B53DDC0040193A /* UserTableViewCell.swift in Sources */ = {isa = PBXBuildFile; fileRef = 6933876C27B53DDC0040193A /* UserTableViewCell.swift */; };
		6933876F27B551CD0040193A /* UserDetailsViewController.swift in Sources */ = {isa = PBXBuildFile; fileRef = 6933876E27B551CD0040193A /* UserDetailsViewController.swift */; };
/* End PBXBuildFile section */

/* Begin PBXFileReference section */
		6933874827B525140040193A /* NetguruUIKit.app */ = {isa = PBXFileReference; explicitFileType = wrapper.application; includeInIndex = 0; path = NetguruUIKit.app; sourceTree = BUILT_PRODUCTS_DIR; };
		6933874B27B525140040193A /* AppDelegate.swift */ = {isa = PBXFileReference; lastKnownFileType = sourcecode.swift; path = AppDelegate.swift; sourceTree = "<group>"; };
		6933874D27B525140040193A /* SceneDelegate.swift */ = {isa = PBXFileReference; lastKnownFileType = sourcecode.swift; path = SceneDelegate.swift; sourceTree = "<group>"; };
		6933875227B525140040193A /* Base */ = {isa = PBXFileReference; lastKnownFileType = file.storyboard; name = Base; path = Base.lproj/Main.storyboard; sourceTree = "<group>"; };
		6933875427B525140040193A /* Assets.xcassets */ = {isa = PBXFileReference; lastKnownFileType = folder.assetcatalog; path = Assets.xcassets; sourceTree = "<group>"; };
		6933875727B525140040193A /* Base */ = {isa = PBXFileReference; lastKnownFileType = file.storyboard; name = Base; path = Base.lproj/LaunchScreen.storyboard; sourceTree = "<group>"; };
		6933875927B525140040193A /* Info.plist */ = {isa = PBXFileReference; lastKnownFileType = text.plist.xml; path = Info.plist; sourceTree = "<group>"; };
		6933876027B526B40040193A /* UserListTableViewController.swift */ = {isa = PBXFileReference; lastKnownFileType = sourcecode.swift; path = UserListTableViewController.swift; sourceTree = "<group>"; };
		6933876327B528210040193A /* Webservice.swift */ = {isa = PBXFileReference; lastKnownFileType = sourcecode.swift; path = Webservice.swift; sourceTree = "<group>"; };
		6933876627B52A430040193A /* Users.swift */ = {isa = PBXFileReference; lastKnownFileType = sourcecode.swift; path = Users.swift; sourceTree = "<group>"; };
		6933876927B52F7E0040193A /* UserViewModel.swift */ = {isa = PBXFileReference; lastKnownFileType = sourcecode.swift; path = UserViewModel.swift; sourceTree = "<group>"; };
		6933876C27B53DDC0040193A /* UserTableViewCell.swift */ = {isa = PBXFileReference; lastKnownFileType = sourcecode.swift; path = UserTableViewCell.swift; sourceTree = "<group>"; };
		6933876E27B551CD0040193A /* UserDetailsViewController.swift */ = {isa = PBXFileReference; lastKnownFileType = sourcecode.swift; path = UserDetailsViewController.swift; sourceTree = "<group>"; };
/* End PBXFileReference section */

/* Begin PBXFrameworksBuildPhase section */
		6933874527B525140040193A /* Frameworks */ = {
			isa = PBXFrameworksBuildPhase;
			buildActionMask = 2147483647;
			files = (
			);
			runOnlyForDeploymentPostprocessing = 0;
		};
/* End PBXFrameworksBuildPhase section */

/* Begin PBXGroup section */
		690543E427CF4CAF00AC6502 /* View */ = {
			isa = PBXGroup;
			children = (
				6933875127B525140040193A /* Main.storyboard */,
			);
			path = View;
			sourceTree = "<group>";
		};
		6933873F27B525140040193A = {
			isa = PBXGroup;
			children = (
				6933874A27B525140040193A /* NetguruUIKit */,
				6933874927B525140040193A /* Products */,
			);
			sourceTree = "<group>";
		};
		6933874927B525140040193A /* Products */ = {
			isa = PBXGroup;
			children = (
				6933874827B525140040193A /* NetguruUIKit.app */,
			);
			name = Products;
			sourceTree = "<group>";
		};
		6933874A27B525140040193A /* NetguruUIKit */ = {
			isa = PBXGroup;
			children = (
				6933876527B52A350040193A /* Models */,
				690543E427CF4CAF00AC6502 /* View */,
				6933876827B52F6C0040193A /* View Models */,
				6933875F27B5268A0040193A /* Controllers */,
				6933876B27B53DAC0040193A /* Cells */,
				6933876227B5280F0040193A /* Services */,
				6933874B27B525140040193A /* AppDelegate.swift */,
				6933874D27B525140040193A /* SceneDelegate.swift */,
				6933875427B525140040193A /* Assets.xcassets */,
				6933875627B525140040193A /* LaunchScreen.storyboard */,
				6933875927B525140040193A /* Info.plist */,
			);
			path = NetguruUIKit;
			sourceTree = "<group>";
		};
		6933875F27B5268A0040193A /* Controllers */ = {
			isa = PBXGroup;
			children = (
				6933876027B526B40040193A /* UserListTableViewController.swift */,
				6933876E27B551CD0040193A /* UserDetailsViewController.swift */,
			);
			path = Controllers;
			sourceTree = "<group>";
		};
		6933876227B5280F0040193A /* Services */ = {
			isa = PBXGroup;
			children = (
				6933876327B528210040193A /* Webservice.swift */,
			);
			path = Services;
			sourceTree = "<group>";
		};
		6933876527B52A350040193A /* Models */ = {
			isa = PBXGroup;
			children = (
				6933876627B52A430040193A /* Users.swift */,
			);
			path = Models;
			sourceTree = "<group>";
		};
		6933876827B52F6C0040193A /* View Models */ = {
			isa = PBXGroup;
			children = (
				6933876927B52F7E0040193A /* UserViewModel.swift */,
			);
			path = "View Models";
			sourceTree = "<group>";
		};
		6933876B27B53DAC0040193A /* Cells */ = {
			isa = PBXGroup;
			children = (
				6933876C27B53DDC0040193A /* UserTableViewCell.swift */,
			);
			path = Cells;
			sourceTree = "<group>";
		};
/* End PBXGroup section */

/* Begin PBXNativeTarget section */
		6933874727B525140040193A /* NetguruUIKit */ = {
			isa = PBXNativeTarget;
			buildConfigurationList = 6933875C27B525140040193A /* Build configuration list for PBXNativeTarget "NetguruUIKit" */;
			buildPhases = (
				6933874427B525140040193A /* Sources */,
				6933874527B525140040193A /* Frameworks */,
				6933874627B525140040193A /* Resources */,
			);
			buildRules = (
			);
			dependencies = (
			);
			name = NetguruUIKit;
			productName = NetguruUIKit;
			productReference = 6933874827B525140040193A /* NetguruUIKit.app */;
			productType = "com.apple.product-type.application";
		};
/* End PBXNativeTarget section */

/* Begin PBXProject section */
		6933874027B525140040193A /* Project object */ = {
			isa = PBXProject;
			attributes = {
				BuildIndependentTargetsInParallel = 1;
				LastSwiftUpdateCheck = 1320;
				LastUpgradeCheck = 1320;
				TargetAttributes = {
					6933874727B525140040193A = {
						CreatedOnToolsVersion = 13.2.1;
					};
				};
			};
			buildConfigurationList = 6933874327B525140040193A /* Build configuration list for PBXProject "NetguruUIKit" */;
			compatibilityVersion = "Xcode 13.0";
			developmentRegion = en;
			hasScannedForEncodings = 0;
			knownRegions = (
				en,
				Base,
			);
			mainGroup = 6933873F27B525140040193A;
			productRefGroup = 6933874927B525140040193A /* Products */;
			projectDirPath = "";
			projectRoot = "";
			targets = (
				6933874727B525140040193A /* NetguruUIKit */,
			);
		};
/* End PBXProject section */

/* Begin PBXResourcesBuildPhase section */
		6933874627B525140040193A /* Resources */ = {
			isa = PBXResourcesBuildPhase;
			buildActionMask = 2147483647;
			files = (
				6933875827B525140040193A /* LaunchScreen.storyboard in Resources */,
				6933875527B525140040193A /* Assets.xcassets in Resources */,
				6933875327B525140040193A /* Main.storyboard in Resources */,
			);
			runOnlyForDeploymentPostprocessing = 0;
		};
/* End PBXResourcesBuildPhase section */

/* Begin PBXSourcesBuildPhase section */
		6933874427B525140040193A /* Sources */ = {
			isa = PBXSourcesBuildPhase;
			buildActionMask = 2147483647;
			files = (
				6933876127B526B40040193A /* UserListTableViewController.swift in Sources */,
				6933876A27B52F7E0040193A /* UserViewModel.swift in Sources */,
				6933876D27B53DDC0040193A /* UserTableViewCell.swift in Sources */,
				6933874C27B525140040193A /* AppDelegate.swift in Sources */,
				6933876727B52A430040193A /* Users.swift in Sources */,
				6933876427B528210040193A /* Webservice.swift in Sources */,
				6933876F27B551CD0040193A /* UserDetailsViewController.swift in Sources */,
				6933874E27B525140040193A /* SceneDelegate.swift in Sources */,
			);
			runOnlyForDeploymentPostprocessing = 0;
		};
/* End PBXSourcesBuildPhase section */

/* Begin PBXVariantGroup section */
		6933875127B525140040193A /* Main.storyboard */ = {
			isa = PBXVariantGroup;
			children = (
				6933875227B525140040193A /* Base */,
			);
			name = Main.storyboard;
			sourceTree = "<group>";
		};
		6933875627B525140040193A /* LaunchScreen.storyboard */ = {
			isa = PBXVariantGroup;
			children = (
				6933875727B525140040193A /* Base */,
			);
			name = LaunchScreen.storyboard;
			sourceTree = "<group>";
		};
/* End PBXVariantGroup section */

/* Begin XCBuildConfiguration section */
		6933875A27B525140040193A /* Debug */ = {
			isa = XCBuildConfiguration;
			buildSettings = {
				ALWAYS_SEARCH_USER_PATHS = NO;
				CLANG_ANALYZER_NONNULL = YES;
				CLANG_ANALYZER_NUMBER_OBJECT_CONVERSION = YES_AGGRESSIVE;
				CLANG_CXX_LANGUAGE_STANDARD = "gnu++17";
				CLANG_CXX_LIBRARY = "libc++";
				CLANG_ENABLE_MODULES = YES;
				CLANG_ENABLE_OBJC_ARC = YES;
				CLANG_ENABLE_OBJC_WEAK = YES;
				CLANG_WARN_BLOCK_CAPTURE_AUTORELEASING = YES;
				CLANG_WARN_BOOL_CONVERSION = YES;
				CLANG_WARN_COMMA = YES;
				CLANG_WARN_CONSTANT_CONVERSION = YES;
				CLANG_WARN_DEPRECATED_OBJC_IMPLEMENTATIONS = YES;
				CLANG_WARN_DIRECT_OBJC_ISA_USAGE = YES_ERROR;
				CLANG_WARN_DOCUMENTATION_COMMENTS = YES;
				CLANG_WARN_EMPTY_BODY = YES;
				CLANG_WARN_ENUM_CONVERSION = YES;
				CLANG_WARN_INFINITE_RECURSION = YES;
				CLANG_WARN_INT_CONVERSION = YES;
				CLANG_WARN_NON_LITERAL_NULL_CONVERSION = YES;
				CLANG_WARN_OBJC_IMPLICIT_RETAIN_SELF = YES;
				CLANG_WARN_OBJC_LITERAL_CONVERSION = YES;
				CLANG_WARN_OBJC_ROOT_CLASS = YES_ERROR;
				CLANG_WARN_QUOTED_INCLUDE_IN_FRAMEWORK_HEADER = YES;
				CLANG_WARN_RANGE_LOOP_ANALYSIS = YES;
				CLANG_WARN_STRICT_PROTOTYPES = YES;
				CLANG_WARN_SUSPICIOUS_MOVE = YES;
				CLANG_WARN_UNGUARDED_AVAILABILITY = YES_AGGRESSIVE;
				CLANG_WARN_UNREACHABLE_CODE = YES;
				CLANG_WARN__DUPLICATE_METHOD_MATCH = YES;
				COPY_PHASE_STRIP = NO;
				DEBUG_INFORMATION_FORMAT = dwarf;
				ENABLE_STRICT_OBJC_MSGSEND = YES;
				ENABLE_TESTABILITY = YES;
				GCC_C_LANGUAGE_STANDARD = gnu11;
				GCC_DYNAMIC_NO_PIC = NO;
				GCC_NO_COMMON_BLOCKS = YES;
				GCC_OPTIMIZATION_LEVEL = 0;
				GCC_PREPROCESSOR_DEFINITIONS = (
					"DEBUG=1",
					"$(inherited)",
				);
				GCC_WARN_64_TO_32_BIT_CONVERSION = YES;
				GCC_WARN_ABOUT_RETURN_TYPE = YES_ERROR;
				GCC_WARN_UNDECLARED_SELECTOR = YES;
				GCC_WARN_UNINITIALIZED_AUTOS = YES_AGGRESSIVE;
				GCC_WARN_UNUSED_FUNCTION = YES;
				GCC_WARN_UNUSED_VARIABLE = YES;
				IPHONEOS_DEPLOYMENT_TARGET = 11.0;
				MTL_ENABLE_DEBUG_INFO = INCLUDE_SOURCE;
				MTL_FAST_MATH = YES;
				ONLY_ACTIVE_ARCH = YES;
				SDKROOT = iphoneos;
				SWIFT_ACTIVE_COMPILATION_CONDITIONS = DEBUG;
				SWIFT_OPTIMIZATION_LEVEL = "-Onone";
			};
			name = Debug;
		};
		6933875B27B525140040193A /* Release */ = {
			isa = XCBuildConfiguration;
			buildSettings = {
				ALWAYS_SEARCH_USER_PATHS = NO;
				CLANG_ANALYZER_NONNULL = YES;
				CLANG_ANALYZER_NUMBER_OBJECT_CONVERSION = YES_AGGRESSIVE;
				CLANG_CXX_LANGUAGE_STANDARD = "gnu++17";
				CLANG_CXX_LIBRARY = "libc++";
				CLANG_ENABLE_MODULES = YES;
				CLANG_ENABLE_OBJC_ARC = YES;
				CLANG_ENABLE_OBJC_WEAK = YES;
				CLANG_WARN_BLOCK_CAPTURE_AUTORELEASING = YES;
				CLANG_WARN_BOOL_CONVERSION = YES;
				CLANG_WARN_COMMA = YES;
				CLANG_WARN_CONSTANT_CONVERSION = YES;
				CLANG_WARN_DEPRECATED_OBJC_IMPLEMENTATIONS = YES;
				CLANG_WARN_DIRECT_OBJC_ISA_USAGE = YES_ERROR;
				CLANG_WARN_DOCUMENTATION_COMMENTS = YES;
				CLANG_WARN_EMPTY_BODY = YES;
				CLANG_WARN_ENUM_CONVERSION = YES;
				CLANG_WARN_INFINITE_RECURSION = YES;
				CLANG_WARN_INT_CONVERSION = YES;
				CLANG_WARN_NON_LITERAL_NULL_CONVERSION = YES;
				CLANG_WARN_OBJC_IMPLICIT_RETAIN_SELF = YES;
				CLANG_WARN_OBJC_LITERAL_CONVERSION = YES;
				CLANG_WARN_OBJC_ROOT_CLASS = YES_ERROR;
				CLANG_WARN_QUOTED_INCLUDE_IN_FRAMEWORK_HEADER = YES;
				CLANG_WARN_RANGE_LOOP_ANALYSIS = YES;
				CLANG_WARN_STRICT_PROTOTYPES = YES;
				CLANG_WARN_SUSPICIOUS_MOVE = YES;
				CLANG_WARN_UNGUARDED_AVAILABILITY = YES_AGGRESSIVE;
				CLANG_WARN_UNREACHABLE_CODE = YES;
				CLANG_WARN__DUPLICATE_METHOD_MATCH = YES;
				COPY_PHASE_STRIP = NO;
				DEBUG_INFORMATION_FORMAT = "dwarf-with-dsym";
				ENABLE_NS_ASSERTIONS = NO;
				ENABLE_STRICT_OBJC_MSGSEND = YES;
				GCC_C_LANGUAGE_STANDARD = gnu11;
				GCC_NO_COMMON_BLOCKS = YES;
				GCC_WARN_64_TO_32_BIT_CONVERSION = YES;
				GCC_WARN_ABOUT_RETURN_TYPE = YES_ERROR;
				GCC_WARN_UNDECLARED_SELECTOR = YES;
				GCC_WARN_UNINITIALIZED_AUTOS = YES_AGGRESSIVE;
				GCC_WARN_UNUSED_FUNCTION = YES;
				GCC_WARN_UNUSED_VARIABLE = YES;
				IPHONEOS_DEPLOYMENT_TARGET = 11.0;
				MTL_ENABLE_DEBUG_INFO = NO;
				MTL_FAST_MATH = YES;
				SDKROOT = iphoneos;
				SWIFT_COMPILATION_MODE = wholemodule;
				SWIFT_OPTIMIZATION_LEVEL = "-O";
				VALIDATE_PRODUCT = YES;
			};
			name = Release;
		};
		6933875D27B525140040193A /* Debug */ = {
			isa = XCBuildConfiguration;
			buildSettings = {
				ASSETCATALOG_COMPILER_APPICON_NAME = AppIcon;
				ASSETCATALOG_COMPILER_GLOBAL_ACCENT_COLOR_NAME = AccentColor;
				CODE_SIGN_STYLE = Automatic;
				CURRENT_PROJECT_VERSION = 1;
				DEVELOPMENT_TEAM = 8P435BTB29;
				GENERATE_INFOPLIST_FILE = YES;
				INFOPLIST_FILE = NetguruUIKit/Info.plist;
				INFOPLIST_KEY_UIApplicationSupportsIndirectInputEvents = YES;
				INFOPLIST_KEY_UILaunchStoryboardName = LaunchScreen;
				INFOPLIST_KEY_UIMainStoryboardFile = Main;
				INFOPLIST_KEY_UISupportedInterfaceOrientations_iPad = "UIInterfaceOrientationPortrait UIInterfaceOrientationPortraitUpsideDown UIInterfaceOrientationLandscapeLeft UIInterfaceOrientationLandscapeRight";
				INFOPLIST_KEY_UISupportedInterfaceOrientations_iPhone = "UIInterfaceOrientationPortrait UIInterfaceOrientationLandscapeLeft UIInterfaceOrientationLandscapeRight";
				IPHONEOS_DEPLOYMENT_TARGET = 15.2;
				LD_RUNPATH_SEARCH_PATHS = (
					"$(inherited)",
					"@executable_path/Frameworks",
				);
				MARKETING_VERSION = 1.0;
				PRODUCT_BUNDLE_IDENTIFIER = "marcin.matuk-icloud.com.NetguruUIKit";
				PRODUCT_NAME = "$(TARGET_NAME)";
				SWIFT_EMIT_LOC_STRINGS = YES;
				SWIFT_VERSION = 5.0;
				TARGETED_DEVICE_FAMILY = 1;
			};
			name = Debug;
		};
		6933875E27B525140040193A /* Release */ = {
			isa = XCBuildConfiguration;
			buildSettings = {
				ASSETCATALOG_COMPILER_APPICON_NAME = AppIcon;
				ASSETCATALOG_COMPILER_GLOBAL_ACCENT_COLOR_NAME = AccentColor;
				CODE_SIGN_STYLE = Automatic;
				CURRENT_PROJECT_VERSION = 1;
				DEVELOPMENT_TEAM = 8P435BTB29;
				GENERATE_INFOPLIST_FILE = YES;
				INFOPLIST_FILE = NetguruUIKit/Info.plist;
				INFOPLIST_KEY_UIApplicationSupportsIndirectInputEvents = YES;
				INFOPLIST_KEY_UILaunchStoryboardName = LaunchScreen;
				INFOPLIST_KEY_UIMainStoryboardFile = Main;
				INFOPLIST_KEY_UISupportedInterfaceOrientations_iPad = "UIInterfaceOrientationPortrait UIInterfaceOrientationPortraitUpsideDown UIInterfaceOrientationLandscapeLeft UIInterfaceOrientationLandscapeRight";
				INFOPLIST_KEY_UISupportedInterfaceOrientations_iPhone = "UIInterfaceOrientationPortrait UIInterfaceOrientationLandscapeLeft UIInterfaceOrientationLandscapeRight";
				IPHONEOS_DEPLOYMENT_TARGET = 15.2;
				LD_RUNPATH_SEARCH_PATHS = (
					"$(inherited)",
					"@executable_path/Frameworks",
				);
				MARKETING_VERSION = 1.0;
				PRODUCT_BUNDLE_IDENTIFIER = "marcin.matuk-icloud.com.NetguruUIKit";
				PRODUCT_NAME = "$(TARGET_NAME)";
				SWIFT_EMIT_LOC_STRINGS = YES;
				SWIFT_VERSION = 5.0;
				TARGETED_DEVICE_FAMILY = 1;
			};
			name = Release;
		};
/* End XCBuildConfiguration section */

/* Begin XCConfigurationList section */
		6933874327B525140040193A /* Build configuration list for PBXProject "NetguruUIKit" */ = {
			isa = XCConfigurationList;
			buildConfigurations = (
				6933875A27B525140040193A /* Debug */,
				6933875B27B525140040193A /* Release */,
			);
			defaultConfigurationIsVisible = 0;
			defaultConfigurationName = Release;
		};
		6933875C27B525140040193A /* Build configuration list for PBXNativeTarget "NetguruUIKit" */ = {
			isa = XCConfigurationList;
			buildConfigurations = (
				6933875D27B525140040193A /* Debug */,
				6933875E27B525140040193A /* Release */,
			);
			defaultConfigurationIsVisible = 0;
			defaultConfigurationName = Release;
		};
/* End XCConfigurationList section */
	};
	rootObject = 6933874027B525140040193A /* Project object */;
}
